
Microsoft Visual Studio Solution File, Format Version 12.00
# Visual Studio 2012
Project("{FAE04EC0-301F-11D3-BF4B-00C04F79EFBC}") = "Kiralynok", "Kiralynok\Kiralynok.csproj", "{62167AD9-B305-4E52-B451-B7D937748249}"
EndProject
Global
	GlobalSection(SolutionConfigurationPlatforms) = preSolution
		Debug|Any CPU = Debug|Any CPU
		Release|Any CPU = Release|Any CPU
	EndGlobalSection
	GlobalSection(ProjectConfigurationPlatforms) = postSolution
		{62167AD9-B305-4E52-B451-B7D937748249}.Debug|Any CPU.ActiveCfg = Debug|Any CPU
		{62167AD9-B305-4E52-B451-B7D937748249}.Debug|Any CPU.Build.0 = Debug|Any CPU
		{62167AD9-B305-4E52-B451-B7D937748249}.Release|Any CPU.ActiveCfg = Release|Any CPU
		{62167AD9-B305-4E52-B451-B7D937748249}.Release|Any CPU.Build.0 = Release|Any CPU
	EndGlobalSection
EndGlobal
